PODS:
  - Astrolabe/Core (5.1.1):
    - RxCocoa (~> 5)
    - RxSwift (~> 5)
  - RxCocoa (5.1.1):
    - RxRelay (~> 5)
    - RxSwift (~> 5)
  - RxRelay (5.1.1):
    - RxSwift (~> 5)
  - RxSwift (5.1.1)
  - SnapKit (4.2.0)
  - Sundial (5.1.13):
    - Astrolabe/Core

DEPENDENCIES:
  - "Astrolabe/Core (from `git@github.com:netcosports/Astrolabe.git`)"
  - SnapKit
  - Sundial (from `.`)

SPEC REPOS:
  https://github.com/cocoapods/specs.git:
    - RxCocoa
    - RxRelay
    - RxSwift
    - SnapKit

EXTERNAL SOURCES:
  Astrolabe:
    :git: "git@github.com:netcosports/Astrolabe.git"
  Sundial:
    :path: "."

CHECKOUT OPTIONS:
  Astrolabe:
    :commit: 34e95b21fb80d9c39916d2029521d523374fd0b1
    :git: "git@github.com:netcosports/Astrolabe.git"

SPEC CHECKSUMS:
  Astrolabe: 6a761ba8bba7e0f15a1a9853db77e2fbe304b6b8
  RxCocoa: 32065309a38d29b5b0db858819b5bf9ef038b601
  RxRelay: d77f7d771495f43c556cbc43eebd1bb54d01e8e9
  RxSwift: 81470a2074fa8780320ea5fe4102807cb7118178
  SnapKit: fe8a619752f3f27075cc9a90244d75c6c3f27e2a
  Sundial: 916db6b5c8fff03e093e599dcd31a84965236c41

PODFILE CHECKSUM: 23963bc0fc934d8c57eeca98d546a42487eb3e04

COCOAPODS: 1.7.5
