PODS:
  - Astrolabe/Core (5.3):
    - RxCocoa (~> 6)
    - RxSwift (~> 6)
  - RxCocoa (6.2.0):
    - RxRelay (= 6.2.0)
    - RxSwift (= 6.2.0)
  - RxRelay (6.2.0):
    - RxSwift (= 6.2.0)
  - RxSwift (6.2.0)
  - SnapKit (4.2.0)
  - Sundial (5.1.22):
    - Astrolabe/Core

DEPENDENCIES:
  - "Astrolabe/Core (from `git@github.com:netcosports/Astrolabe.git`, branch `kmm`)"
  - SnapKit
  - Sundial (from `.`)

SPEC REPOS:
  trunk:
    - RxCocoa
    - RxRelay
    - RxSwift
    - SnapKit

EXTERNAL SOURCES:
  Astrolabe:
    :branch: kmm
    :git: "git@github.com:netcosports/Astrolabe.git"
  Sundial:
    :path: "."

CHECKOUT OPTIONS:
  Astrolabe:
    :commit: 8c7471ae05a998b2b5452538250213ed7f1a6ef7
    :git: "git@github.com:netcosports/Astrolabe.git"

SPEC CHECKSUMS:
  Astrolabe: 039225a4ab8747032c84fe9f4655c6bc73ebe6e2
  RxCocoa: 4baf94bb35f2c0ab31bc0cb9f1900155f646ba42
  RxRelay: e72dbfd157807478401ef1982e1c61c945c94b2f
  RxSwift: d356ab7bee873611322f134c5f9ef379fa183d8f
  SnapKit: fe8a619752f3f27075cc9a90244d75c6c3f27e2a
  Sundial: e08543ee943fc9d4d21520688eb7a1ed2ef52621

PODFILE CHECKSUM: 7d77a2ee5401f6ec2ffaf0ad09b9255a7d3db25d

COCOAPODS: 1.10.1
